// !$*UTF8*$!
{
	archiveVersion = 1;
	classes = {
	};
	objectVersion = 46;
	objects = {

/* Begin PBXBuildFile section */
		E88C090B1EF376A4003A52B5 /* main.cpp in Sources */ = {isa = PBXBuildFile; fileRef = E88C090A1EF376A4003A52B5 /* main.cpp */; };
		E8D3BAE71EF37C2A00416379 /* libGLEW.2.0.0.dylib in Frameworks */ = {isa = PBXBuildFile; fileRef = E8D3BAE61EF37C2A00416379 /* libGLEW.2.0.0.dylib */; };
		E8D3BAE91EF37C3A00416379 /* libglfw.3.2.dylib in Frameworks */ = {isa = PBXBuildFile; fileRef = E8D3BAE81EF37C3A00416379 /* libglfw.3.2.dylib */; };
		E8D3BAEB1EF37C4200416379 /* OpenGL.framework in Frameworks */ = {isa = PBXBuildFile; fileRef = E8D3BAEA1EF37C4200416379 /* OpenGL.framework */; };
/* End PBXBuildFile section */

/* Begin PBXCopyFilesBuildPhase section */
		E88C09051EF376A4003A52B5 /* CopyFiles */ = {
			isa = PBXCopyFilesBuildPhase;
			buildActionMask = 2147483647;
			dstPath = /usr/share/man/man1/;
			dstSubfolderSpec = 0;
			files = (
			);
			runOnlyForDeploymentPostprocessing = 1;
		};
/* End PBXCopyFilesBuildPhase section */

/* Begin PBXFileReference section */
		E88C09071EF376A4003A52B5 /* 两个三角形 */ = {isa = PBXFileReference; explicitFileType = "compiled.mach-o.executable"; includeInIndex = 0; path = "两个三角形"; sourceTree = BUILT_PRODUCTS_DIR; };
		E88C090A1EF376A4003A52B5 /* main.cpp */ = {isa = PBXFileReference; lastKnownFileType = sourcecode.cpp.cpp; path = main.cpp; sourceTree = "<group>"; };
		E8D3BAE61EF37C2A00416379 /* libGLEW.2.0.0.dylib */ = {isa = PBXFileReference; lastKnownFileType = "compiled.mach-o.dylib"; name = libGLEW.2.0.0.dylib; path = ../../../../../usr/local/Cellar/glew/2.0.0/lib/libGLEW.2.0.0.dylib; sourceTree = "<group>"; };
		E8D3BAE81EF37C3A00416379 /* libglfw.3.2.dylib */ = {isa = PBXFileReference; lastKnownFileType = "compiled.mach-o.dylib"; name = libglfw.3.2.dylib; path = ../../../../../usr/local/Cellar/glfw/3.2.1/lib/libglfw.3.2.dylib; sourceTree = "<group>"; };
		E8D3BAEA1EF37C4200416379 /* OpenGL.framework */ = {isa = PBXFileReference; lastKnownFileType = wrapper.framework; name = OpenGL.framework; path = System/Library/Frameworks/OpenGL.framework; sourceTree = SDKROOT; };
/* End PBXFileReference section */

/* Begin PBXFrameworksBuildPhase section */
		E88C09041EF376A4003A52B5 /* Frameworks */ = {
			isa = PBXFrameworksBuildPhase;
			buildActionMask = 2147483647;
			files = (
				E8D3BAEB1EF37C4200416379 /* OpenGL.framework in Frameworks */,
				E8D3BAE91EF37C3A00416379 /* libglfw.3.2.dylib in Frameworks */,
				E8D3BAE71EF37C2A00416379 /* libGLEW.2.0.0.dylib in Frameworks */,
			);
			runOnlyForDeploymentPostprocessing = 0;
		};
/* End PBXFrameworksBuildPhase section */

/* Begin PBXGroup section */
		E88C08FE1EF376A4003A52B5 = {
			isa = PBXGroup;
			children = (
				E88C09091EF376A4003A52B5 /* 两个三角形 */,
				E88C09081EF376A4003A52B5 /* Products */,
				E8D3BAE51EF37C2A00416379 /* Frameworks */,
			);
			sourceTree = "<group>";
		};
		E88C09081EF376A4003A52B5 /* Products */ = {
			isa = PBXGroup;
			children = (
				E88C09071EF376A4003A52B5 /* 两个三角形 */,
			);
			name = Products;
			sourceTree = "<group>";
		};
		E88C09091EF376A4003A52B5 /* 两个三角形 */ = {
			isa = PBXGroup;
			children = (
				E88C090A1EF376A4003A52B5 /* main.cpp */,
			);
			path = "两个三角形";
			sourceTree = "<group>";
		};
		E8D3BAE51EF37C2A00416379 /* Frameworks */ = {
			isa = PBXGroup;
			children = (
				E8D3BAEA1EF37C4200416379 /* OpenGL.framework */,
				E8D3BAE81EF37C3A00416379 /* libglfw.3.2.dylib */,
				E8D3BAE61EF37C2A00416379 /* libGLEW.2.0.0.dylib */,
			);
			name = Frameworks;
			sourceTree = "<group>";
		};
/* End PBXGroup section */

/* Begin PBXNativeTarget section */
		E88C09061EF376A4003A52B5 /* 两个三角形 */ = {
			isa = PBXNativeTarget;
			buildConfigurationList = E88C090E1EF376A4003A52B5 /* Build configuration list for PBXNativeTarget "两个三角形" */;
			buildPhases = (
				E88C09031EF376A4003A52B5 /* Sources */,
				E88C09041EF376A4003A52B5 /* Frameworks */,
				E88C09051EF376A4003A52B5 /* CopyFiles */,
			);
			buildRules = (
			);
			dependencies = (
			);
			name = "两个三角形";
			productName = "两个三角形";
			productReference = E88C09071EF376A4003A52B5 /* 两个三角形 */;
			productType = "com.apple.product-type.tool";
		};
/* End PBXNativeTarget section */

/* Begin PBXProject section */
		E88C08FF1EF376A4003A52B5 /* Project object */ = {
			isa = PBXProject;
			attributes = {
				LastUpgradeCheck = 0830;
				ORGANIZATIONNAME = "李勇猛";
				TargetAttributes = {
					E88C09061EF376A4003A52B5 = {
						CreatedOnToolsVersion = 8.3.2;
						ProvisioningStyle = Automatic;
					};
				};
			};
			buildConfigurationList = E88C09021EF376A4003A52B5 /* Build configuration list for PBXProject "两个三角形" */;
			compatibilityVersion = "Xcode 3.2";
			developmentRegion = English;
			hasScannedForEncodings = 0;
			knownRegions = (
				en,
			);
			mainGroup = E88C08FE1EF376A4003A52B5;
			productRefGroup = E88C09081EF376A4003A52B5 /* Products */;
			projectDirPath = "";
			projectRoot = "";
			targets = (
				E88C09061EF376A4003A52B5 /* 两个三角形 */,
			);
		};
/* End PBXProject section */

/* Begin PBXSourcesBuildPhase section */
		E88C09031EF376A4003A52B5 /* Sources */ = {
			isa = PBXSourcesBuildPhase;
			buildActionMask = 2147483647;
			files = (
				E88C090B1EF376A4003A52B5 /* main.cpp in Sources */,
			);
			runOnlyForDeploymentPostprocessing = 0;
		};
/* End PBXSourcesBuildPhase section */

/* Begin XCBuildConfiguration section */
		E88C090C1EF376A4003A52B5 /* Debug */ = {
			isa = XCBuildConfiguration;
			buildSettings = {
				ALWAYS_SEARCH_USER_PATHS = NO;
				CLANG_ANALYZER_NONNULL = YES;
				CLANG_ANALYZER_NUMBER_OBJECT_CONVERSION = YES_AGGRESSIVE;
				CLANG_CXX_LANGUAGE_STANDARD = "gnu++0x";
				CLANG_CXX_LIBRARY = "libc++";
				CLANG_ENABLE_MODULES = YES;
				CLANG_ENABLE_OBJC_ARC = YES;
				CLANG_WARN_BOOL_CONVERSION = YES;
				CLANG_WARN_CONSTANT_CONVERSION = YES;
				CLANG_WARN_DIRECT_OBJC_ISA_USAGE = YES_ERROR;
				CLANG_WARN_DOCUMENTATION_COMMENTS = YES;
				CLANG_WARN_EMPTY_BODY = YES;
				CLANG_WARN_ENUM_CONVERSION = YES;
				CLANG_WARN_INFINITE_RECURSION = YES;
				CLANG_WARN_INT_CONVERSION = YES;
				CLANG_WARN_OBJC_ROOT_CLASS = YES_ERROR;
				CLANG_WARN_SUSPICIOUS_MOVE = YES;
				CLANG_WARN_UNREACHABLE_CODE = YES;
				CLANG_WARN__DUPLICATE_METHOD_MATCH = YES;
				CODE_SIGN_IDENTITY = "-";
				COPY_PHASE_STRIP = NO;
				DEBUG_INFORMATION_FORMAT = dwarf;
				ENABLE_STRICT_OBJC_MSGSEND = YES;
				ENABLE_TESTABILITY = YES;
				GCC_C_LANGUAGE_STANDARD = gnu99;
				GCC_DYNAMIC_NO_PIC = NO;
				GCC_NO_COMMON_BLOCKS = YES;
				GCC_OPTIMIZATION_LEVEL = 0;
				GCC_PREPROCESSOR_DEFINITIONS = (
					"DEBUG=1",
					"$(inherited)",
				);
				GCC_WARN_64_TO_32_BIT_CONVERSION = YES;
				GCC_WARN_ABOUT_RETURN_TYPE = YES_ERROR;
				GCC_WARN_UNDECLARED_SELECTOR = YES;
				GCC_WARN_UNINITIALIZED_AUTOS = YES_AGGRESSIVE;
				GCC_WARN_UNUSED_FUNCTION = YES;
				GCC_WARN_UNUSED_VARIABLE = YES;
				MACOSX_DEPLOYMENT_TARGET = 10.12;
				MTL_ENABLE_DEBUG_INFO = YES;
				ONLY_ACTIVE_ARCH = YES;
				SDKROOT = macosx;
			};
			name = Debug;
		};
		E88C090D1EF376A4003A52B5 /* Release */ = {
			isa = XCBuildConfiguration;
			buildSettings = {
				ALWAYS_SEARCH_USER_PATHS = NO;
				CLANG_ANALYZER_NONNULL = YES;
				CLANG_ANALYZER_NUMBER_OBJECT_CONVERSION = YES_AGGRESSIVE;
				CLANG_CXX_LANGUAGE_STANDARD = "gnu++0x";
				CLANG_CXX_LIBRARY = "libc++";
				CLANG_ENABLE_MODULES = YES;
				CLANG_ENABLE_OBJC_ARC = YES;
				CLANG_WARN_BOOL_CONVERSION = YES;
				CLANG_WARN_CONSTANT_CONVERSION = YES;
				CLANG_WARN_DIRECT_OBJC_ISA_USAGE = YES_ERROR;
				CLANG_WARN_DOCUMENTATION_COMMENTS = YES;
				CLANG_WARN_EMPTY_BODY = YES;
				CLANG_WARN_ENUM_CONVERSION = YES;
				CLANG_WARN_INFINITE_RECURSION = YES;
				CLANG_WARN_INT_CONVERSION = YES;
				CLANG_WARN_OBJC_ROOT_CLASS = YES_ERROR;
				CLANG_WARN_SUSPICIOUS_MOVE = YES;
				CLANG_WARN_UNREACHABLE_CODE = YES;
				CLANG_WARN__DUPLICATE_METHOD_MATCH = YES;
				CODE_SIGN_IDENTITY = "-";
				COPY_PHASE_STRIP = NO;
				DEBUG_INFORMATION_FORMAT = "dwarf-with-dsym";
				ENABLE_NS_ASSERTIONS = NO;
				ENABLE_STRICT_OBJC_MSGSEND = YES;
				GCC_C_LANGUAGE_STANDARD = gnu99;
				GCC_NO_COMMON_BLOCKS = YES;
				GCC_WARN_64_TO_32_BIT_CONVERSION = YES;
				GCC_WARN_ABOUT_RETURN_TYPE = YES_ERROR;
				GCC_WARN_UNDECLARED_SELECTOR = YES;
				GCC_WARN_UNINITIALIZED_AUTOS = YES_AGGRESSIVE;
				GCC_WARN_UNUSED_FUNCTION = YES;
				GCC_WARN_UNUSED_VARIABLE = YES;
				MACOSX_DEPLOYMENT_TARGET = 10.12;
				MTL_ENABLE_DEBUG_INFO = NO;
				SDKROOT = macosx;
			};
			name = Release;
		};
		E88C090F1EF376A4003A52B5 /* Debug */ = {
			isa = XCBuildConfiguration;
			buildSettings = {
				HEADER_SEARCH_PATHS = (
					"$(glew_header)",
					"$(glfw_header)",
				);
				LIBRARY_SEARCH_PATHS = (
					"$(glew_lib)",
					"$(glfw_lib)",
					/usr/local/Cellar/glew/2.0.0/lib,
					/usr/local/Cellar/glfw/3.2.1/lib,
				);
				PRODUCT_NAME = "$(TARGET_NAME)";
			};
			name = Debug;
		};
		E88C09101EF376A4003A52B5 /* Release */ = {
			isa = XCBuildConfiguration;
			buildSettings = {
				HEADER_SEARCH_PATHS = (
					"$(glew_header)",
					"$(glfw_header)",
				);
				LIBRARY_SEARCH_PATHS = (
					"$(glew_lib)",
					"$(glfw_lib)",
					/usr/local/Cellar/glew/2.0.0/lib,
					/usr/local/Cellar/glfw/3.2.1/lib,
				);
				PRODUCT_NAME = "$(TARGET_NAME)";
			};
			name = Release;
		};
/* End XCBuildConfiguration section */

/* Begin XCConfigurationList section */
		E88C09021EF376A4003A52B5 /* Build configuration list for PBXProject "两个三角形" */ = {
			isa = XCConfigurationList;
			buildConfigurations = (
				E88C090C1EF376A4003A52B5 /* Debug */,
				E88C090D1EF376A4003A52B5 /* Release */,
			);
			defaultConfigurationIsVisible = 0;
			defaultConfigurationName = Release;
		};
		E88C090E1EF376A4003A52B5 /* Build configuration list for PBXNativeTarget "两个三角形" */ = {
			isa = XCConfigurationList;
			buildConfigurations = (
				E88C090F1EF376A4003A52B5 /* Debug */,
				E88C09101EF376A4003A52B5 /* Release */,
			);
			defaultConfigurationIsVisible = 0;
			defaultConfigurationName = Release;
		};
/* End XCConfigurationList section */
	};
	rootObject = E88C08FF1EF376A4003A52B5 /* Project object */;
}
